
Microsoft Visual Studio Solution File, Format Version 12.00
# Visual Studio 2012
Project("{FAE04EC0-301F-11D3-BF4B-00C04F79EFBC}") = "DirectoryServices", "DirectoryService\DirectoryServices.csproj", "{CEAA39C8-78A3-48B5-BD50-B7C97E78DD96}"
EndProject
Project("{FAE04EC0-301F-11D3-BF4B-00C04F79EFBC}") = "DirectoryService.Tests", "DirectoryService.Tests\DirectoryService.Tests.csproj", "{B586EFB5-F87C-49EC-AFEF-25709E5C9498}"
EndProject
Global
	GlobalSection(SolutionConfigurationPlatforms) = preSolution
		Debug|Any CPU = Debug|Any CPU
		Release|Any CPU = Release|Any CPU
	EndGlobalSection
	GlobalSection(ProjectConfigurationPlatforms) = postSolution
		{CEAA39C8-78A3-48B5-BD50-B7C97E78DD96}.Debug|Any CPU.ActiveCfg = Debug|Any CPU
		{CEAA39C8-78A3-48B5-BD50-B7C97E78DD96}.Debug|Any CPU.Build.0 = Debug|Any CPU
		{CEAA39C8-78A3-48B5-BD50-B7C97E78DD96}.Release|Any CPU.ActiveCfg = Release|Any CPU
		{CEAA39C8-78A3-48B5-BD50-B7C97E78DD96}.Release|Any CPU.Build.0 = Release|Any CPU
		{B586EFB5-F87C-49EC-AFEF-25709E5C9498}.Debug|Any CPU.ActiveCfg = Debug|Any CPU
		{B586EFB5-F87C-49EC-AFEF-25709E5C9498}.Debug|Any CPU.Build.0 = Debug|Any CPU
		{B586EFB5-F87C-49EC-AFEF-25709E5C9498}.Release|Any CPU.ActiveCfg = Release|Any CPU
		{B586EFB5-F87C-49EC-AFEF-25709E5C9498}.Release|Any CPU.Build.0 = Release|Any CPU
	EndGlobalSection
	GlobalSection(SolutionProperties) = preSolution
		HideSolutionNode = FALSE
	EndGlobalSection
EndGlobal
